// !$*UTF8*$!
{
	archiveVersion = 1;
	classes = {
	};
	objectVersion = 50;
	objects = {

/* Begin PBXBuildFile section */
		33CB166723B38BEB00E6A1AB /* AppDelegate.swift in Sources */ = {isa = PBXBuildFile; fileRef = 33CB166623B38BEB00E6A1AB /* AppDelegate.swift */; };
		33CB166923B38BEB00E6A1AB /* SceneDelegate.swift in Sources */ = {isa = PBXBuildFile; fileRef = 33CB166823B38BEB00E6A1AB /* SceneDelegate.swift */; };
		33CB166B23B38BEB00E6A1AB /* ViewController.swift in Sources */ = {isa = PBXBuildFile; fileRef = 33CB166A23B38BEB00E6A1AB /* ViewController.swift */; };
		33CB166E23B38BEB00E6A1AB /* Main.storyboard in Resources */ = {isa = PBXBuildFile; fileRef = 33CB166C23B38BEB00E6A1AB /* Main.storyboard */; };
		33CB167023B38BEF00E6A1AB /* Assets.xcassets in Resources */ = {isa = PBXBuildFile; fileRef = 33CB166F23B38BEF00E6A1AB /* Assets.xcassets */; };
		33CB167323B38BEF00E6A1AB /* LaunchScreen.storyboard in Resources */ = {isa = PBXBuildFile; fileRef = 33CB167123B38BEF00E6A1AB /* LaunchScreen.storyboard */; };
		33CB167E23B38BF000E6A1AB /* DiceGameTests.swift in Sources */ = {isa = PBXBuildFile; fileRef = 33CB167D23B38BF000E6A1AB /* DiceGameTests.swift */; };
		33CB168923B38BF000E6A1AB /* DiceGameUITests.swift in Sources */ = {isa = PBXBuildFile; fileRef = 33CB168823B38BF000E6A1AB /* DiceGameUITests.swift */; };
		33CB169723B3905B00E6A1AB /* CustomButton.swift in Sources */ = {isa = PBXBuildFile; fileRef = 33CB169623B3905B00E6A1AB /* CustomButton.swift */; };
/* End PBXBuildFile section */

/* Begin PBXContainerItemProxy section */
		33CB167A23B38BF000E6A1AB /* PBXContainerItemProxy */ = {
			isa = PBXContainerItemProxy;
			containerPortal = 33CB165B23B38BEB00E6A1AB /* Project object */;
			proxyType = 1;
			remoteGlobalIDString = 33CB166223B38BEB00E6A1AB;
			remoteInfo = DiceGame;
		};
		33CB168523B38BF000E6A1AB /* PBXContainerItemProxy */ = {
			isa = PBXContainerItemProxy;
			containerPortal = 33CB165B23B38BEB00E6A1AB /* Project object */;
			proxyType = 1;
			remoteGlobalIDString = 33CB166223B38BEB00E6A1AB;
			remoteInfo = DiceGame;
		};
/* End PBXContainerItemProxy section */

/* Begin PBXFileReference section */
		33CB166323B38BEB00E6A1AB /* DiceGame.app */ = {isa = PBXFileReference; explicitFileType = wrapper.application; includeInIndex = 0; path = DiceGame.app; sourceTree = BUILT_PRODUCTS_DIR; };
		33CB166623B38BEB00E6A1AB /* AppDelegate.swift */ = {isa = PBXFileReference; lastKnownFileType = sourcecode.swift; path = AppDelegate.swift; sourceTree = "<group>"; };
		33CB166823B38BEB00E6A1AB /* SceneDelegate.swift */ = {isa = PBXFileReference; lastKnownFileType = sourcecode.swift; path = SceneDelegate.swift; sourceTree = "<group>"; };
		33CB166A23B38BEB00E6A1AB /* ViewController.swift */ = {isa = PBXFileReference; lastKnownFileType = sourcecode.swift; path = ViewController.swift; sourceTree = "<group>"; };
		33CB166D23B38BEB00E6A1AB /* Base */ = {isa = PBXFileReference; lastKnownFileType = file.storyboard; name = Base; path = Base.lproj/Main.storyboard; sourceTree = "<group>"; };
		33CB166F23B38BEF00E6A1AB /* Assets.xcassets */ = {isa = PBXFileReference; lastKnownFileType = folder.assetcatalog; path = Assets.xcassets; sourceTree = "<group>"; };
		33CB167223B38BEF00E6A1AB /* Base */ = {isa = PBXFileReference; lastKnownFileType = file.storyboard; name = Base; path = Base.lproj/LaunchScreen.storyboard; sourceTree = "<group>"; };
		33CB167423B38BEF00E6A1AB /* Info.plist */ = {isa = PBXFileReference; lastKnownFileType = text.plist.xml; path = Info.plist; sourceTree = "<group>"; };
		33CB167923B38BF000E6A1AB /* DiceGameTests.xctest */ = {isa = PBXFileReference; explicitFileType = wrapper.cfbundle; includeInIndex = 0; path = DiceGameTests.xctest; sourceTree = BUILT_PRODUCTS_DIR; };
		33CB167D23B38BF000E6A1AB /* DiceGameTests.swift */ = {isa = PBXFileReference; lastKnownFileType = sourcecode.swift; path = DiceGameTests.swift; sourceTree = "<group>"; };
		33CB167F23B38BF000E6A1AB /* Info.plist */ = {isa = PBXFileReference; lastKnownFileType = text.plist.xml; path = Info.plist; sourceTree = "<group>"; };
		33CB168423B38BF000E6A1AB /* DiceGameUITests.xctest */ = {isa = PBXFileReference; explicitFileType = wrapper.cfbundle; includeInIndex = 0; path = DiceGameUITests.xctest; sourceTree = BUILT_PRODUCTS_DIR; };
		33CB168823B38BF000E6A1AB /* DiceGameUITests.swift */ = {isa = PBXFileReference; lastKnownFileType = sourcecode.swift; path = DiceGameUITests.swift; sourceTree = "<group>"; };
		33CB168A23B38BF000E6A1AB /* Info.plist */ = {isa = PBXFileReference; lastKnownFileType = text.plist.xml; path = Info.plist; sourceTree = "<group>"; };
		33CB169623B3905B00E6A1AB /* CustomButton.swift */ = {isa = PBXFileReference; lastKnownFileType = sourcecode.swift; path = CustomButton.swift; sourceTree = "<group>"; };
		33CB169823B4EC9300E6A1AB /* DiceGame.entitlements */ = {isa = PBXFileReference; lastKnownFileType = text.plist.entitlements; path = DiceGame.entitlements; sourceTree = "<group>"; };
/* End PBXFileReference section */

/* Begin PBXFrameworksBuildPhase section */
		33CB166023B38BEB00E6A1AB /* Frameworks */ = {
			isa = PBXFrameworksBuildPhase;
			buildActionMask = 2147483647;
			files = (
			);
			runOnlyForDeploymentPostprocessing = 0;
		};
		33CB167623B38BF000E6A1AB /* Frameworks */ = {
			isa = PBXFrameworksBuildPhase;
			buildActionMask = 2147483647;
			files = (
			);
			runOnlyForDeploymentPostprocessing = 0;
		};
		33CB168123B38BF000E6A1AB /* Frameworks */ = {
			isa = PBXFrameworksBuildPhase;
			buildActionMask = 2147483647;
			files = (
			);
			runOnlyForDeploymentPostprocessing = 0;
		};
/* End PBXFrameworksBuildPhase section */

/* Begin PBXGroup section */
		33CB165A23B38BEB00E6A1AB = {
			isa = PBXGroup;
			children = (
				33CB166523B38BEB00E6A1AB /* DiceGame */,
				33CB167C23B38BF000E6A1AB /* DiceGameTests */,
				33CB168723B38BF000E6A1AB /* DiceGameUITests */,
				33CB166423B38BEB00E6A1AB /* Products */,
			);
			sourceTree = "<group>";
		};
		33CB166423B38BEB00E6A1AB /* Products */ = {
			isa = PBXGroup;
			children = (
				33CB166323B38BEB00E6A1AB /* DiceGame.app */,
				33CB167923B38BF000E6A1AB /* DiceGameTests.xctest */,
				33CB168423B38BF000E6A1AB /* DiceGameUITests.xctest */,
			);
			name = Products;
			sourceTree = "<group>";
		};
		33CB166523B38BEB00E6A1AB /* DiceGame */ = {
			isa = PBXGroup;
			children = (
				33CB169823B4EC9300E6A1AB /* DiceGame.entitlements */,
				33CB166623B38BEB00E6A1AB /* AppDelegate.swift */,
				33CB166823B38BEB00E6A1AB /* SceneDelegate.swift */,
				33CB166A23B38BEB00E6A1AB /* ViewController.swift */,
				33CB166C23B38BEB00E6A1AB /* Main.storyboard */,
				33CB166F23B38BEF00E6A1AB /* Assets.xcassets */,
				33CB167123B38BEF00E6A1AB /* LaunchScreen.storyboard */,
				33CB167423B38BEF00E6A1AB /* Info.plist */,
				33CB169623B3905B00E6A1AB /* CustomButton.swift */,
			);
			path = DiceGame;
			sourceTree = "<group>";
		};
		33CB167C23B38BF000E6A1AB /* DiceGameTests */ = {
			isa = PBXGroup;
			children = (
				33CB167D23B38BF000E6A1AB /* DiceGameTests.swift */,
				33CB167F23B38BF000E6A1AB /* Info.plist */,
			);
			path = DiceGameTests;
			sourceTree = "<group>";
		};
		33CB168723B38BF000E6A1AB /* DiceGameUITests */ = {
			isa = PBXGroup;
			children = (
				33CB168823B38BF000E6A1AB /* DiceGameUITests.swift */,
				33CB168A23B38BF000E6A1AB /* Info.plist */,
			);
			path = DiceGameUITests;
			sourceTree = "<group>";
		};
/* End PBXGroup section */

/* Begin PBXNativeTarget section */
		33CB166223B38BEB00E6A1AB /* DiceGame */ = {
			isa = PBXNativeTarget;
			buildConfigurationList = 33CB168D23B38BF000E6A1AB /* Build configuration list for PBXNativeTarget "DiceGame" */;
			buildPhases = (
				33CB165F23B38BEB00E6A1AB /* Sources */,
				33CB166023B38BEB00E6A1AB /* Frameworks */,
				33CB166123B38BEB00E6A1AB /* Resources */,
			);
			buildRules = (
			);
			dependencies = (
			);
			name = DiceGame;
			productName = DiceGame;
			productReference = 33CB166323B38BEB00E6A1AB /* DiceGame.app */;
			productType = "com.apple.product-type.application";
		};
		33CB167823B38BF000E6A1AB /* DiceGameTests */ = {
			isa = PBXNativeTarget;
			buildConfigurationList = 33CB169023B38BF000E6A1AB /* Build configuration list for PBXNativeTarget "DiceGameTests" */;
			buildPhases = (
				33CB167523B38BF000E6A1AB /* Sources */,
				33CB167623B38BF000E6A1AB /* Frameworks */,
				33CB167723B38BF000E6A1AB /* Resources */,
			);
			buildRules = (
			);
			dependencies = (
				33CB167B23B38BF000E6A1AB /* PBXTargetDependency */,
			);
			name = DiceGameTests;
			productName = DiceGameTests;
			productReference = 33CB167923B38BF000E6A1AB /* DiceGameTests.xctest */;
			productType = "com.apple.product-type.bundle.unit-test";
		};
		33CB168323B38BF000E6A1AB /* DiceGameUITests */ = {
			isa = PBXNativeTarget;
			buildConfigurationList = 33CB169323B38BF000E6A1AB /* Build configuration list for PBXNativeTarget "DiceGameUITests" */;
			buildPhases = (
				33CB168023B38BF000E6A1AB /* Sources */,
				33CB168123B38BF000E6A1AB /* Frameworks */,
				33CB168223B38BF000E6A1AB /* Resources */,
			);
			buildRules = (
			);
			dependencies = (
				33CB168623B38BF000E6A1AB /* PBXTargetDependency */,
			);
			name = DiceGameUITests;
			productName = DiceGameUITests;
			productReference = 33CB168423B38BF000E6A1AB /* DiceGameUITests.xctest */;
			productType = "com.apple.product-type.bundle.ui-testing";
		};
/* End PBXNativeTarget section */

/* Begin PBXProject section */
		33CB165B23B38BEB00E6A1AB /* Project object */ = {
			isa = PBXProject;
			attributes = {
				LastSwiftUpdateCheck = 1110;
				LastUpgradeCheck = 1110;
				ORGANIZATIONNAME = "Ashwini Shalke";
				TargetAttributes = {
					33CB166223B38BEB00E6A1AB = {
						CreatedOnToolsVersion = 11.1;
					};
					33CB167823B38BF000E6A1AB = {
						CreatedOnToolsVersion = 11.1;
						TestTargetID = 33CB166223B38BEB00E6A1AB;
					};
					33CB168323B38BF000E6A1AB = {
						CreatedOnToolsVersion = 11.1;
						TestTargetID = 33CB166223B38BEB00E6A1AB;
					};
				};
			};
			buildConfigurationList = 33CB165E23B38BEB00E6A1AB /* Build configuration list for PBXProject "DiceGame" */;
			compatibilityVersion = "Xcode 9.3";
			developmentRegion = en;
			hasScannedForEncodings = 0;
			knownRegions = (
				en,
				Base,
			);
			mainGroup = 33CB165A23B38BEB00E6A1AB;
			productRefGroup = 33CB166423B38BEB00E6A1AB /* Products */;
			projectDirPath = "";
			projectRoot = "";
			targets = (
				33CB166223B38BEB00E6A1AB /* DiceGame */,
				33CB167823B38BF000E6A1AB /* DiceGameTests */,
				33CB168323B38BF000E6A1AB /* DiceGameUITests */,
			);
		};
/* End PBXProject section */

/* Begin PBXResourcesBuildPhase section */
		33CB166123B38BEB00E6A1AB /* Resources */ = {
			isa = PBXResourcesBuildPhase;
			buildActionMask = 2147483647;
			files = (
				33CB167323B38BEF00E6A1AB /* LaunchScreen.storyboard in Resources */,
				33CB167023B38BEF00E6A1AB /* Assets.xcassets in Resources */,
				33CB166E23B38BEB00E6A1AB /* Main.storyboard in Resources */,
			);
			runOnlyForDeploymentPostprocessing = 0;
		};
		33CB167723B38BF000E6A1AB /* Resources */ = {
			isa = PBXResourcesBuildPhase;
			buildActionMask = 2147483647;
			files = (
			);
			runOnlyForDeploymentPostprocessing = 0;
		};
		33CB168223B38BF000E6A1AB /* Resources */ = {
			isa = PBXResourcesBuildPhase;
			buildActionMask = 2147483647;
			files = (
			);
			runOnlyForDeploymentPostprocessing = 0;
		};
/* End PBXResourcesBuildPhase section */

/* Begin PBXSourcesBuildPhase section */
		33CB165F23B38BEB00E6A1AB /* Sources */ = {
			isa = PBXSourcesBuildPhase;
			buildActionMask = 2147483647;
			files = (
				33CB169723B3905B00E6A1AB /* CustomButton.swift in Sources */,
				33CB166B23B38BEB00E6A1AB /* ViewController.swift in Sources */,
				33CB166723B38BEB00E6A1AB /* AppDelegate.swift in Sources */,
				33CB166923B38BEB00E6A1AB /* SceneDelegate.swift in Sources */,
			);
			runOnlyForDeploymentPostprocessing = 0;
		};
		33CB167523B38BF000E6A1AB /* Sources */ = {
			isa = PBXSourcesBuildPhase;
			buildActionMask = 2147483647;
			files = (
				33CB167E23B38BF000E6A1AB /* DiceGameTests.swift in Sources */,
			);
			runOnlyForDeploymentPostprocessing = 0;
		};
		33CB168023B38BF000E6A1AB /* Sources */ = {
			isa = PBXSourcesBuildPhase;
			buildActionMask = 2147483647;
			files = (
				33CB168923B38BF000E6A1AB /* DiceGameUITests.swift in Sources */,
			);
			runOnlyForDeploymentPostprocessing = 0;
		};
/* End PBXSourcesBuildPhase section */

/* Begin PBXTargetDependency section */
		33CB167B23B38BF000E6A1AB /* PBXTargetDependency */ = {
			isa = PBXTargetDependency;
			target = 33CB166223B38BEB00E6A1AB /* DiceGame */;
			targetProxy = 33CB167A23B38BF000E6A1AB /* PBXContainerItemProxy */;
		};
		33CB168623B38BF000E6A1AB /* PBXTargetDependency */ = {
			isa = PBXTargetDependency;
			target = 33CB166223B38BEB00E6A1AB /* DiceGame */;
			targetProxy = 33CB168523B38BF000E6A1AB /* PBXContainerItemProxy */;
		};
/* End PBXTargetDependency section */

/* Begin PBXVariantGroup section */
		33CB166C23B38BEB00E6A1AB /* Main.storyboard */ = {
			isa = PBXVariantGroup;
			children = (
				33CB166D23B38BEB00E6A1AB /* Base */,
			);
			name = Main.storyboard;
			sourceTree = "<group>";
		};
		33CB167123B38BEF00E6A1AB /* LaunchScreen.storyboard */ = {
			isa = PBXVariantGroup;
			children = (
				33CB167223B38BEF00E6A1AB /* Base */,
			);
			name = LaunchScreen.storyboard;
			sourceTree = "<group>";
		};
/* End PBXVariantGroup section */

/* Begin XCBuildConfiguration section */
		33CB168B23B38BF000E6A1AB /* Debug */ = {
			isa = XCBuildConfiguration;
			buildSettings = {
				ALWAYS_SEARCH_USER_PATHS = NO;
				CLANG_ANALYZER_NONNULL = YES;
				CLANG_ANALYZER_NUMBER_OBJECT_CONVERSION = YES_AGGRESSIVE;
				CLANG_CXX_LANGUAGE_STANDARD = "gnu++14";
				CLANG_CXX_LIBRARY = "libc++";
				CLANG_ENABLE_MODULES = YES;
				CLANG_ENABLE_OBJC_ARC = YES;
				CLANG_ENABLE_OBJC_WEAK = YES;
				CLANG_WARN_BLOCK_CAPTURE_AUTORELEASING = YES;
				CLANG_WARN_BOOL_CONVERSION = YES;
				CLANG_WARN_COMMA = YES;
				CLANG_WARN_CONSTANT_CONVERSION = YES;
				CLANG_WARN_DEPRECATED_OBJC_IMPLEMENTATIONS = YES;
				CLANG_WARN_DIRECT_OBJC_ISA_USAGE = YES_ERROR;
				CLANG_WARN_DOCUMENTATION_COMMENTS = YES;
				CLANG_WARN_EMPTY_BODY = YES;
				CLANG_WARN_ENUM_CONVERSION = YES;
				CLANG_WARN_INFINITE_RECURSION = YES;
				CLANG_WARN_INT_CONVERSION = YES;
				CLANG_WARN_NON_LITERAL_NULL_CONVERSION = YES;
				CLANG_WARN_OBJC_IMPLICIT_RETAIN_SELF = YES;
				CLANG_WARN_OBJC_LITERAL_CONVERSION = YES;
				CLANG_WARN_OBJC_ROOT_CLASS = YES_ERROR;
				CLANG_WARN_RANGE_LOOP_ANALYSIS = YES;
				CLANG_WARN_STRICT_PROTOTYPES = YES;
				CLANG_WARN_SUSPICIOUS_MOVE = YES;
				CLANG_WARN_UNGUARDED_AVAILABILITY = YES_AGGRESSIVE;
				CLANG_WARN_UNREACHABLE_CODE = YES;
				CLANG_WARN__DUPLICATE_METHOD_MATCH = YES;
				COPY_PHASE_STRIP = NO;
				DEBUG_INFORMATION_FORMAT = dwarf;
				ENABLE_STRICT_OBJC_MSGSEND = YES;
				ENABLE_TESTABILITY = YES;
				GCC_C_LANGUAGE_STANDARD = gnu11;
				GCC_DYNAMIC_NO_PIC = NO;
				GCC_NO_COMMON_BLOCKS = YES;
				GCC_OPTIMIZATION_LEVEL = 0;
				GCC_PREPROCESSOR_DEFINITIONS = (
					"DEBUG=1",
					"$(inherited)",
				);
				GCC_WARN_64_TO_32_BIT_CONVERSION = YES;
				GCC_WARN_ABOUT_RETURN_TYPE = YES_ERROR;
				GCC_WARN_UNDECLARED_SELECTOR = YES;
				GCC_WARN_UNINITIALIZED_AUTOS = YES_AGGRESSIVE;
				GCC_WARN_UNUSED_FUNCTION = YES;
				GCC_WARN_UNUSED_VARIABLE = YES;
				IPHONEOS_DEPLOYMENT_TARGET = 13.1;
				MTL_ENABLE_DEBUG_INFO = INCLUDE_SOURCE;
				MTL_FAST_MATH = YES;
				ONLY_ACTIVE_ARCH = YES;
				SDKROOT = iphoneos;
				SWIFT_ACTIVE_COMPILATION_CONDITIONS = DEBUG;
				SWIFT_OPTIMIZATION_LEVEL = "-Onone";
			};
			name = Debug;
		};
		33CB168C23B38BF000E6A1AB /* Release */ = {
			isa = XCBuildConfiguration;
			buildSettings = {
				ALWAYS_SEARCH_USER_PATHS = NO;
				CLANG_ANALYZER_NONNULL = YES;
				CLANG_ANALYZER_NUMBER_OBJECT_CONVERSION = YES_AGGRESSIVE;
				CLANG_CXX_LANGUAGE_STANDARD = "gnu++14";
				CLANG_CXX_LIBRARY = "libc++";
				CLANG_ENABLE_MODULES = YES;
				CLANG_ENABLE_OBJC_ARC = YES;
				CLANG_ENABLE_OBJC_WEAK = YES;
				CLANG_WARN_BLOCK_CAPTURE_AUTORELEASING = YES;
				CLANG_WARN_BOOL_CONVERSION = YES;
				CLANG_WARN_COMMA = YES;
				CLANG_WARN_CONSTANT_CONVERSION = YES;
				CLANG_WARN_DEPRECATED_OBJC_IMPLEMENTATIONS = YES;
				CLANG_WARN_DIRECT_OBJC_ISA_USAGE = YES_ERROR;
				CLANG_WARN_DOCUMENTATION_COMMENTS = YES;
				CLANG_WARN_EMPTY_BODY = YES;
				CLANG_WARN_ENUM_CONVERSION = YES;
				CLANG_WARN_INFINITE_RECURSION = YES;
				CLANG_WARN_INT_CONVERSION = YES;
				CLANG_WARN_NON_LITERAL_NULL_CONVERSION = YES;
				CLANG_WARN_OBJC_IMPLICIT_RETAIN_SELF = YES;
				CLANG_WARN_OBJC_LITERAL_CONVERSION = YES;
				CLANG_WARN_OBJC_ROOT_CLASS = YES_ERROR;
				CLANG_WARN_RANGE_LOOP_ANALYSIS = YES;
				CLANG_WARN_STRICT_PROTOTYPES = YES;
				CLANG_WARN_SUSPICIOUS_MOVE = YES;
				CLANG_WARN_UNGUARDED_AVAILABILITY = YES_AGGRESSIVE;
				CLANG_WARN_UNREACHABLE_CODE = YES;
				CLANG_WARN__DUPLICATE_METHOD_MATCH = YES;
				COPY_PHASE_STRIP = NO;
				DEBUG_INFORMATION_FORMAT = "dwarf-with-dsym";
				ENABLE_NS_ASSERTIONS = NO;
				ENABLE_STRICT_OBJC_MSGSEND = YES;
				GCC_C_LANGUAGE_STANDARD = gnu11;
				GCC_NO_COMMON_BLOCKS = YES;
				GCC_WARN_64_TO_32_BIT_CONVERSION = YES;
				GCC_WARN_ABOUT_RETURN_TYPE = YES_ERROR;
				GCC_WARN_UNDECLARED_SELECTOR = YES;
				GCC_WARN_UNINITIALIZED_AUTOS = YES_AGGRESSIVE;
				GCC_WARN_UNUSED_FUNCTION = YES;
				GCC_WARN_UNUSED_VARIABLE = YES;
				IPHONEOS_DEPLOYMENT_TARGET = 13.1;
				MTL_ENABLE_DEBUG_INFO = NO;
				MTL_FAST_MATH = YES;
				SDKROOT = iphoneos;
				SWIFT_COMPILATION_MODE = wholemodule;
				SWIFT_OPTIMIZATION_LEVEL = "-O";
				VALIDATE_PRODUCT = YES;
			};
			name = Release;
		};
		33CB168E23B38BF000E6A1AB /* Debug */ = {
			isa = XCBuildConfiguration;
			buildSettings = {
				ASSETCATALOG_COMPILER_APPICON_NAME = AppIcon;
				CODE_SIGN_ENTITLEMENTS = DiceGame/DiceGame.entitlements;
				"CODE_SIGN_IDENTITY[sdk=macosx*]" = "-";
				CODE_SIGN_STYLE = Automatic;
				DERIVE_MACCATALYST_PRODUCT_BUNDLE_IDENTIFIER = YES;
				DEVELOPMENT_TEAM = TLR6PBYB7P;
				INFOPLIST_FILE = DiceGame/Info.plist;
				LD_RUNPATH_SEARCH_PATHS = (
					"$(inherited)",
					"@executable_path/Frameworks",
				);
				PRODUCT_BUNDLE_IDENTIFIER = com.SimpleTable.DiceGame;
				PRODUCT_NAME = "$(TARGET_NAME)";
				SUPPORTS_MACCATALYST = YES;
				SWIFT_VERSION = 5.0;
				TARGETED_DEVICE_FAMILY = "1,2";
			};
			name = Debug;
		};
		33CB168F23B38BF000E6A1AB /* Release */ = {
			isa = XCBuildConfiguration;
			buildSettings = {
				ASSETCATALOG_COMPILER_APPICON_NAME = AppIcon;
				CODE_SIGN_ENTITLEMENTS = DiceGame/DiceGame.entitlements;
				"CODE_SIGN_IDENTITY[sdk=macosx*]" = "Apple Development";
				CODE_SIGN_STYLE = Automatic;
				DERIVE_MACCATALYST_PRODUCT_BUNDLE_IDENTIFIER = YES;
				DEVELOPMENT_TEAM = TLR6PBYB7P;
				INFOPLIST_FILE = DiceGame/Info.plist;
				LD_RUNPATH_SEARCH_PATHS = (
					"$(inherited)",
					"@executable_path/Frameworks",
				);
				PRODUCT_BUNDLE_IDENTIFIER = com.SimpleTable.DiceGame;
				PRODUCT_NAME = "$(TARGET_NAME)";
				SUPPORTS_MACCATALYST = YES;
				SWIFT_VERSION = 5.0;
				TARGETED_DEVICE_FAMILY = "1,2";
			};
			name = Release;
		};
		33CB169123B38BF000E6A1AB /* Debug */ = {
			isa = XCBuildConfiguration;
			buildSettings = {
				ALWAYS_EMBED_SWIFT_STANDARD_LIBRARIES = YES;
				BUNDLE_LOADER = "$(TEST_HOST)";
				CODE_SIGN_STYLE = Automatic;
				INFOPLIST_FILE = DiceGameTests/Info.plist;
				IPHONEOS_DEPLOYMENT_TARGET = 13.1;
				LD_RUNPATH_SEARCH_PATHS = (
					"$(inherited)",
					"@executable_path/Frameworks",
					"@loader_path/Frameworks",
				);
				PRODUCT_BUNDLE_IDENTIFIER = com.SimpleTable.DiceGameTests;
				PRODUCT_NAME = "$(TARGET_NAME)";
				SWIFT_VERSION = 5.0;
				TARGETED_DEVICE_FAMILY = "1,2";
				TEST_HOST = "$(BUILT_PRODUCTS_DIR)/DiceGame.app/DiceGame";
			};
			name = Debug;
		};
		33CB169223B38BF000E6A1AB /* Release */ = {
			isa = XCBuildConfiguration;
			buildSettings = {
				ALWAYS_EMBED_SWIFT_STANDARD_LIBRARIES = YES;
				BUNDLE_LOADER = "$(TEST_HOST)";
				CODE_SIGN_STYLE = Automatic;
				INFOPLIST_FILE = DiceGameTests/Info.plist;
				IPHONEOS_DEPLOYMENT_TARGET = 13.1;
				LD_RUNPATH_SEARCH_PATHS = (
					"$(inherited)",
					"@executable_path/Frameworks",
					"@loader_path/Frameworks",
				);
				PRODUCT_BUNDLE_IDENTIFIER = com.SimpleTable.DiceGameTests;
				PRODUCT_NAME = "$(TARGET_NAME)";
				SWIFT_VERSION = 5.0;
				TARGETED_DEVICE_FAMILY = "1,2";
				TEST_HOST = "$(BUILT_PRODUCTS_DIR)/DiceGame.app/DiceGame";
			};
			name = Release;
		};
		33CB169423B38BF000E6A1AB /* Debug */ = {
			isa = XCBuildConfiguration;
			buildSettings = {
				ALWAYS_EMBED_SWIFT_STANDARD_LIBRARIES = YES;
				CODE_SIGN_STYLE = Automatic;
				INFOPLIST_FILE = DiceGameUITests/Info.plist;
				LD_RUNPATH_SEARCH_PATHS = (
					"$(inherited)",
					"@executable_path/Frameworks",
					"@loader_path/Frameworks",
				);
				PRODUCT_BUNDLE_IDENTIFIER = com.SimpleTable.DiceGameUITests;
				PRODUCT_NAME = "$(TARGET_NAME)";
				SWIFT_VERSION = 5.0;
				TARGETED_DEVICE_FAMILY = "1,2";
				TEST_TARGET_NAME = DiceGame;
			};
			name = Debug;
		};
		33CB169523B38BF000E6A1AB /* Release */ = {
			isa = XCBuildConfiguration;
			buildSettings = {
				ALWAYS_EMBED_SWIFT_STANDARD_LIBRARIES = YES;
				CODE_SIGN_STYLE = Automatic;
				INFOPLIST_FILE = DiceGameUITests/Info.plist;
				LD_RUNPATH_SEARCH_PATHS = (
					"$(inherited)",
					"@executable_path/Frameworks",
					"@loader_path/Frameworks",
				);
				PRODUCT_BUNDLE_IDENTIFIER = com.SimpleTable.DiceGameUITests;
				PRODUCT_NAME = "$(TARGET_NAME)";
				SWIFT_VERSION = 5.0;
				TARGETED_DEVICE_FAMILY = "1,2";
				TEST_TARGET_NAME = DiceGame;
			};
			name = Release;
		};
/* End XCBuildConfiguration section */

/* Begin XCConfigurationList section */
		33CB165E23B38BEB00E6A1AB /* Build configuration list for PBXProject "DiceGame" */ = {
			isa = XCConfigurationList;
			buildConfigurations = (
				33CB168B23B38BF000E6A1AB /* Debug */,
				33CB168C23B38BF000E6A1AB /* Release */,
			);
			defaultConfigurationIsVisible = 0;
			defaultConfigurationName = Release;
		};
		33CB168D23B38BF000E6A1AB /* Build configuration list for PBXNativeTarget "DiceGame" */ = {
			isa = XCConfigurationList;
			buildConfigurations = (
				33CB168E23B38BF000E6A1AB /* Debug */,
				33CB168F23B38BF000E6A1AB /* Release */,
			);
			defaultConfigurationIsVisible = 0;
			defaultConfigurationName = Release;
		};
		33CB169023B38BF000E6A1AB /* Build configuration list for PBXNativeTarget "DiceGameTests" */ = {
			isa = XCConfigurationList;
			buildConfigurations = (
				33CB169123B38BF000E6A1AB /* Debug */,
				33CB169223B38BF000E6A1AB /* Release */,
			);
			defaultConfigurationIsVisible = 0;
			defaultConfigurationName = Release;
		};
		33CB169323B38BF000E6A1AB /* Build configuration list for PBXNativeTarget "DiceGameUITests" */ = {
			isa = XCConfigurationList;
			buildConfigurations = (
				33CB169423B38BF000E6A1AB /* Debug */,
				33CB169523B38BF000E6A1AB /* Release */,
			);
			defaultConfigurationIsVisible = 0;
			defaultConfigurationName = Release;
		};
/* End XCConfigurationList section */
	};
	rootObject = 33CB165B23B38BEB00E6A1AB /* Project object */;
}
